
Microsoft Visual Studio Solution File, Format Version 12.00
# Visual Studio Version 17
VisualStudioVersion = 17.7.34221.43
MinimumVisualStudioVersion = 10.0.40219.1
Project("{FAE04EC0-301F-11D3-BF4B-00C04F79EFBC}") = "Synoptic", "Synoptic\Synoptic.csproj", "{F53DF946-846E-4549-9219-DB6183CEBD6B}"
EndProject
Global
	GlobalSection(SolutionConfigurationPlatforms) = preSolution
		Debug|Any CPU = Debug|Any CPU
		Release|Any CPU = Release|Any CPU
	EndGlobalSection
	GlobalSection(ProjectConfigurationPlatforms) = postSolution
		{F53DF946-846E-4549-9219-DB6183CEBD6B}.Debug|Any CPU.ActiveCfg = Debug|Any CPU
		{F53DF946-846E-4549-9219-DB6183CEBD6B}.Debug|Any CPU.Build.0 = Debug|Any CPU
		{F53DF946-846E-4549-9219-DB6183CEBD6B}.Release|Any CPU.ActiveCfg = Release|Any CPU
		{F53DF946-846E-4549-9219-DB6183CEBD6B}.Release|Any CPU.Build.0 = Release|Any CPU
	EndGlobalSection
	GlobalSection(SolutionProperties) = preSolution
		HideSolutionNode = FALSE
	EndGlobalSection
	GlobalSection(ExtensibilityGlobals) = postSolution
		SolutionGuid = {E571B45E-E90E-4CD8-B07F-3D07CDAD7040}
	EndGlobalSection
EndGlobal
